
Microsoft Visual Studio Solution File, Format Version 12.00
# Visual Studio Version 16
VisualStudioVersion = 16.0.30204.135
MinimumVisualStudioVersion = 10.0.40219.1
Project("{FAE04EC0-301F-11D3-BF4B-00C04F79EFBC}") = "QuantumHello", "QuantumHello\QuantumHello.csproj", "{24B09EC4-6067-494F-B0BB-19FD953EDCF6}"
EndProject
Project("{FAE04EC0-301F-11D3-BF4B-00C04F79EFBC}") = "QuantumRNG", "QuantumRNG\QuantumRNG.csproj", "{3C5F7DF4-0DFA-4FA3-AB08-E8B9ABC001D9}"
EndProject
Global
	GlobalSection(SolutionConfigurationPlatforms) = preSolution
		Debug|Any CPU = Debug|Any CPU
		Release|Any CPU = Release|Any CPU
	EndGlobalSection
	GlobalSection(ProjectConfigurationPlatforms) = postSolution
		{24B09EC4-6067-494F-B0BB-19FD953EDCF6}.Debug|Any CPU.ActiveCfg = Debug|Any CPU
		{24B09EC4-6067-494F-B0BB-19FD953EDCF6}.Debug|Any CPU.Build.0 = Debug|Any CPU
		{24B09EC4-6067-494F-B0BB-19FD953EDCF6}.Release|Any CPU.ActiveCfg = Release|Any CPU
		{24B09EC4-6067-494F-B0BB-19FD953EDCF6}.Release|Any CPU.Build.0 = Release|Any CPU
		{3C5F7DF4-0DFA-4FA3-AB08-E8B9ABC001D9}.Debug|Any CPU.ActiveCfg = Debug|Any CPU
		{3C5F7DF4-0DFA-4FA3-AB08-E8B9ABC001D9}.Debug|Any CPU.Build.0 = Debug|Any CPU
		{3C5F7DF4-0DFA-4FA3-AB08-E8B9ABC001D9}.Release|Any CPU.ActiveCfg = Release|Any CPU
		{3C5F7DF4-0DFA-4FA3-AB08-E8B9ABC001D9}.Release|Any CPU.Build.0 = Release|Any CPU
	EndGlobalSection
	GlobalSection(SolutionProperties) = preSolution
		HideSolutionNode = FALSE
	EndGlobalSection
	GlobalSection(ExtensibilityGlobals) = postSolution
		SolutionGuid = {45D9E317-E414-454A-83A5-DFC972177E5C}
	EndGlobalSection
EndGlobal
